// !$*UTF8*$!
{
	archiveVersion = 1;
	classes = {
	};
	objectVersion = 46;
	objects = {

/* Begin PBXBuildFile section */
		1B186F151D562E4F00D5A6E7 /* AppDelegate.swift in Sources */ = {isa = PBXBuildFile; fileRef = 1B186F141D562E4F00D5A6E7 /* AppDelegate.swift */; };
		1B186F171D562E4F00D5A6E7 /* ViewController.swift in Sources */ = {isa = PBXBuildFile; fileRef = 1B186F161D562E4F00D5A6E7 /* ViewController.swift */; };
		1B186F1A1D562E4F00D5A6E7 /* Main.storyboard in Resources */ = {isa = PBXBuildFile; fileRef = 1B186F181D562E4F00D5A6E7 /* Main.storyboard */; };
		1B186F1C1D562E4F00D5A6E7 /* Assets.xcassets in Resources */ = {isa = PBXBuildFile; fileRef = 1B186F1B1D562E4F00D5A6E7 /* Assets.xcassets */; };
		1B186F1F1D562E4F00D5A6E7 /* LaunchScreen.storyboard in Resources */ = {isa = PBXBuildFile; fileRef = 1B186F1D1D562E4F00D5A6E7 /* LaunchScreen.storyboard */; };
		1B186F271D56333A00D5A6E7 /* firstAdapter.swift in Sources */ = {isa = PBXBuildFile; fileRef = 1B186F261D56333A00D5A6E7 /* firstAdapter.swift */; };
		1B186F2A1D56429F00D5A6E7 /* SportsCell.swift in Sources */ = {isa = PBXBuildFile; fileRef = 1B186F281D56429F00D5A6E7 /* SportsCell.swift */; };
		1B186F2B1D56429F00D5A6E7 /* SportsCell.xib in Resources */ = {isa = PBXBuildFile; fileRef = 1B186F291D56429F00D5A6E7 /* SportsCell.xib */; };
		1B186F2E1D565B9A00D5A6E7 /* NewsCell.swift in Sources */ = {isa = PBXBuildFile; fileRef = 1B186F2C1D565B9A00D5A6E7 /* NewsCell.swift */; };
		1B186F2F1D565B9A00D5A6E7 /* NewsCell.xib in Resources */ = {isa = PBXBuildFile; fileRef = 1B186F2D1D565B9A00D5A6E7 /* NewsCell.xib */; };
		1B186F321D565D1F00D5A6E7 /* DetailedViewController.swift in Sources */ = {isa = PBXBuildFile; fileRef = 1B186F301D565D1F00D5A6E7 /* DetailedViewController.swift */; };
		1B186F331D565D1F00D5A6E7 /* DetailedViewController.xib in Resources */ = {isa = PBXBuildFile; fileRef = 1B186F311D565D1F00D5A6E7 /* DetailedViewController.xib */; };
/* End PBXBuildFile section */

/* Begin PBXFileReference section */
		1B186F111D562E4F00D5A6E7 /* Adapters.app */ = {isa = PBXFileReference; explicitFileType = wrapper.application; includeInIndex = 0; path = Adapters.app; sourceTree = BUILT_PRODUCTS_DIR; };
		1B186F141D562E4F00D5A6E7 /* AppDelegate.swift */ = {isa = PBXFileReference; lastKnownFileType = sourcecode.swift; path = AppDelegate.swift; sourceTree = "<group>"; };
		1B186F161D562E4F00D5A6E7 /* ViewController.swift */ = {isa = PBXFileReference; lastKnownFileType = sourcecode.swift; path = ViewController.swift; sourceTree = "<group>"; };
		1B186F191D562E4F00D5A6E7 /* Base */ = {isa = PBXFileReference; lastKnownFileType = file.storyboard; name = Base; path = Base.lproj/Main.storyboard; sourceTree = "<group>"; };
		1B186F1B1D562E4F00D5A6E7 /* Assets.xcassets */ = {isa = PBXFileReference; lastKnownFileType = folder.assetcatalog; path = Assets.xcassets; sourceTree = "<group>"; };
		1B186F1E1D562E4F00D5A6E7 /* Base */ = {isa = PBXFileReference; lastKnownFileType = file.storyboard; name = Base; path = Base.lproj/LaunchScreen.storyboard; sourceTree = "<group>"; };
		1B186F201D562E4F00D5A6E7 /* Info.plist */ = {isa = PBXFileReference; lastKnownFileType = text.plist.xml; path = Info.plist; sourceTree = "<group>"; };
		1B186F261D56333A00D5A6E7 /* firstAdapter.swift */ = {isa = PBXFileReference; fileEncoding = 4; lastKnownFileType = sourcecode.swift; path = firstAdapter.swift; sourceTree = "<group>"; };
		1B186F281D56429F00D5A6E7 /* SportsCell.swift */ = {isa = PBXFileReference; fileEncoding = 4; lastKnownFileType = sourcecode.swift; path = SportsCell.swift; sourceTree = "<group>"; };
		1B186F291D56429F00D5A6E7 /* SportsCell.xib */ = {isa = PBXFileReference; fileEncoding = 4; lastKnownFileType = file.xib; path = SportsCell.xib; sourceTree = "<group>"; };
		1B186F2C1D565B9A00D5A6E7 /* NewsCell.swift */ = {isa = PBXFileReference; fileEncoding = 4; lastKnownFileType = sourcecode.swift; path = NewsCell.swift; sourceTree = "<group>"; };
		1B186F2D1D565B9A00D5A6E7 /* NewsCell.xib */ = {isa = PBXFileReference; fileEncoding = 4; lastKnownFileType = file.xib; path = NewsCell.xib; sourceTree = "<group>"; };
		1B186F301D565D1F00D5A6E7 /* DetailedViewController.swift */ = {isa = PBXFileReference; fileEncoding = 4; lastKnownFileType = sourcecode.swift; path = DetailedViewController.swift; sourceTree = "<group>"; };
		1B186F311D565D1F00D5A6E7 /* DetailedViewController.xib */ = {isa = PBXFileReference; fileEncoding = 4; lastKnownFileType = file.xib; path = DetailedViewController.xib; sourceTree = "<group>"; };
/* End PBXFileReference section */

/* Begin PBXFrameworksBuildPhase section */
		1B186F0E1D562E4F00D5A6E7 /* Frameworks */ = {
			isa = PBXFrameworksBuildPhase;
			buildActionMask = 2147483647;
			files = (
			);
			runOnlyForDeploymentPostprocessing = 0;
		};
/* End PBXFrameworksBuildPhase section */

/* Begin PBXGroup section */
		1B186F081D562E4F00D5A6E7 = {
			isa = PBXGroup;
			children = (
				1B186F131D562E4F00D5A6E7 /* Adapters */,
				1B186F121D562E4F00D5A6E7 /* Products */,
			);
			sourceTree = "<group>";
		};
		1B186F121D562E4F00D5A6E7 /* Products */ = {
			isa = PBXGroup;
			children = (
				1B186F111D562E4F00D5A6E7 /* Adapters.app */,
			);
			name = Products;
			sourceTree = "<group>";
		};
		1B186F131D562E4F00D5A6E7 /* Adapters */ = {
			isa = PBXGroup;
			children = (
				1B186F141D562E4F00D5A6E7 /* AppDelegate.swift */,
				1B186F161D562E4F00D5A6E7 /* ViewController.swift */,
				1B186F261D56333A00D5A6E7 /* firstAdapter.swift */,
				1B186F301D565D1F00D5A6E7 /* DetailedViewController.swift */,
				1B186F311D565D1F00D5A6E7 /* DetailedViewController.xib */,
				1B186F281D56429F00D5A6E7 /* SportsCell.swift */,
				1B186F2C1D565B9A00D5A6E7 /* NewsCell.swift */,
				1B186F2D1D565B9A00D5A6E7 /* NewsCell.xib */,
				1B186F291D56429F00D5A6E7 /* SportsCell.xib */,
				1B186F181D562E4F00D5A6E7 /* Main.storyboard */,
				1B186F1B1D562E4F00D5A6E7 /* Assets.xcassets */,
				1B186F1D1D562E4F00D5A6E7 /* LaunchScreen.storyboard */,
				1B186F201D562E4F00D5A6E7 /* Info.plist */,
			);
			path = Adapters;
			sourceTree = "<group>";
		};
/* End PBXGroup section */

/* Begin PBXNativeTarget section */
		1B186F101D562E4F00D5A6E7 /* Adapters */ = {
			isa = PBXNativeTarget;
			buildConfigurationList = 1B186F231D562E4F00D5A6E7 /* Build configuration list for PBXNativeTarget "Adapters" */;
			buildPhases = (
				1B186F0D1D562E4F00D5A6E7 /* Sources */,
				1B186F0E1D562E4F00D5A6E7 /* Frameworks */,
				1B186F0F1D562E4F00D5A6E7 /* Resources */,
			);
			buildRules = (
			);
			dependencies = (
			);
			name = Adapters;
			productName = Adapters;
			productReference = 1B186F111D562E4F00D5A6E7 /* Adapters.app */;
			productType = "com.apple.product-type.application";
		};
/* End PBXNativeTarget section */

/* Begin PBXProject section */
		1B186F091D562E4F00D5A6E7 /* Project object */ = {
			isa = PBXProject;
			attributes = {
				LastSwiftUpdateCheck = 0730;
				LastUpgradeCheck = 0730;
				ORGANIZATIONNAME = "Mahmoud Eldesouky";
				TargetAttributes = {
					1B186F101D562E4F00D5A6E7 = {
						CreatedOnToolsVersion = 7.3;
					};
				};
			};
			buildConfigurationList = 1B186F0C1D562E4F00D5A6E7 /* Build configuration list for PBXProject "Adapters" */;
			compatibilityVersion = "Xcode 3.2";
			developmentRegion = English;
			hasScannedForEncodings = 0;
			knownRegions = (
				en,
				Base,
			);
			mainGroup = 1B186F081D562E4F00D5A6E7;
			productRefGroup = 1B186F121D562E4F00D5A6E7 /* Products */;
			projectDirPath = "";
			projectRoot = "";
			targets = (
				1B186F101D562E4F00D5A6E7 /* Adapters */,
			);
		};
/* End PBXProject section */

/* Begin PBXResourcesBuildPhase section */
		1B186F0F1D562E4F00D5A6E7 /* Resources */ = {
			isa = PBXResourcesBuildPhase;
			buildActionMask = 2147483647;
			files = (
				1B186F1F1D562E4F00D5A6E7 /* LaunchScreen.storyboard in Resources */,
				1B186F1C1D562E4F00D5A6E7 /* Assets.xcassets in Resources */,
				1B186F331D565D1F00D5A6E7 /* DetailedViewController.xib in Resources */,
				1B186F2F1D565B9A00D5A6E7 /* NewsCell.xib in Resources */,
				1B186F2B1D56429F00D5A6E7 /* SportsCell.xib in Resources */,
				1B186F1A1D562E4F00D5A6E7 /* Main.storyboard in Resources */,
			);
			runOnlyForDeploymentPostprocessing = 0;
		};
/* End PBXResourcesBuildPhase section */

/* Begin PBXSourcesBuildPhase section */
		1B186F0D1D562E4F00D5A6E7 /* Sources */ = {
			isa = PBXSourcesBuildPhase;
			buildActionMask = 2147483647;
			files = (
				1B186F271D56333A00D5A6E7 /* firstAdapter.swift in Sources */,
				1B186F171D562E4F00D5A6E7 /* ViewController.swift in Sources */,
				1B186F321D565D1F00D5A6E7 /* DetailedViewController.swift in Sources */,
				1B186F2A1D56429F00D5A6E7 /* SportsCell.swift in Sources */,
				1B186F151D562E4F00D5A6E7 /* AppDelegate.swift in Sources */,
				1B186F2E1D565B9A00D5A6E7 /* NewsCell.swift in Sources */,
			);
			runOnlyForDeploymentPostprocessing = 0;
		};
/* End PBXSourcesBuildPhase section */

/* Begin PBXVariantGroup section */
		1B186F181D562E4F00D5A6E7 /* Main.storyboard */ = {
			isa = PBXVariantGroup;
			children = (
				1B186F191D562E4F00D5A6E7 /* Base */,
			);
			name = Main.storyboard;
			sourceTree = "<group>";
		};
		1B186F1D1D562E4F00D5A6E7 /* LaunchScreen.storyboard */ = {
			isa = PBXVariantGroup;
			children = (
				1B186F1E1D562E4F00D5A6E7 /* Base */,
			);
			name = LaunchScreen.storyboard;
			sourceTree = "<group>";
		};
/* End PBXVariantGroup section */

/* Begin XCBuildConfiguration section */
		1B186F211D562E4F00D5A6E7 /* Debug */ = {
			isa = XCBuildConfiguration;
			buildSettings = {
				ALWAYS_SEARCH_USER_PATHS = NO;
				CLANG_ANALYZER_NONNULL = YES;
				CLANG_CXX_LANGUAGE_STANDARD = "gnu++0x";
				CLANG_CXX_LIBRARY = "libc++";
				CLANG_ENABLE_MODULES = YES;
				CLANG_ENABLE_OBJC_ARC = YES;
				CLANG_WARN_BOOL_CONVERSION = YES;
				CLANG_WARN_CONSTANT_CONVERSION = YES;
				CLANG_WARN_DIRECT_OBJC_ISA_USAGE = YES_ERROR;
				CLANG_WARN_EMPTY_BODY = YES;
				CLANG_WARN_ENUM_CONVERSION = YES;
				CLANG_WARN_INT_CONVERSION = YES;
				CLANG_WARN_OBJC_ROOT_CLASS = YES_ERROR;
				CLANG_WARN_UNREACHABLE_CODE = YES;
				CLANG_WARN__DUPLICATE_METHOD_MATCH = YES;
				"CODE_SIGN_IDENTITY[sdk=iphoneos*]" = "iPhone Developer";
				COPY_PHASE_STRIP = NO;
				DEBUG_INFORMATION_FORMAT = dwarf;
				ENABLE_STRICT_OBJC_MSGSEND = YES;
				ENABLE_TESTABILITY = YES;
				GCC_C_LANGUAGE_STANDARD = gnu99;
				GCC_DYNAMIC_NO_PIC = NO;
				GCC_NO_COMMON_BLOCKS = YES;
				GCC_OPTIMIZATION_LEVEL = 0;
				GCC_PREPROCESSOR_DEFINITIONS = (
					"DEBUG=1",
					"$(inherited)",
				);
				GCC_WARN_64_TO_32_BIT_CONVERSION = YES;
				GCC_WARN_ABOUT_RETURN_TYPE = YES_ERROR;
				GCC_WARN_UNDECLARED_SELECTOR = YES;
				GCC_WARN_UNINITIALIZED_AUTOS = YES_AGGRESSIVE;
				GCC_WARN_UNUSED_FUNCTION = YES;
				GCC_WARN_UNUSED_VARIABLE = YES;
				IPHONEOS_DEPLOYMENT_TARGET = 9.3;
				MTL_ENABLE_DEBUG_INFO = YES;
				ONLY_ACTIVE_ARCH = YES;
				SDKROOT = iphoneos;
				SWIFT_OPTIMIZATION_LEVEL = "-Onone";
				TARGETED_DEVICE_FAMILY = "1,2";
			};
			name = Debug;
		};
		1B186F221D562E4F00D5A6E7 /* Release */ = {
			isa = XCBuildConfiguration;
			buildSettings = {
				ALWAYS_SEARCH_USER_PATHS = NO;
				CLANG_ANALYZER_NONNULL = YES;
				CLANG_CXX_LANGUAGE_STANDARD = "gnu++0x";
				CLANG_CXX_LIBRARY = "libc++";
				CLANG_ENABLE_MODULES = YES;
				CLANG_ENABLE_OBJC_ARC = YES;
				CLANG_WARN_BOOL_CONVERSION = YES;
				CLANG_WARN_CONSTANT_CONVERSION = YES;
				CLANG_WARN_DIRECT_OBJC_ISA_USAGE = YES_ERROR;
				CLANG_WARN_EMPTY_BODY = YES;
				CLANG_WARN_ENUM_CONVERSION = YES;
				CLANG_WARN_INT_CONVERSION = YES;
				CLANG_WARN_OBJC_ROOT_CLASS = YES_ERROR;
				CLANG_WARN_UNREACHABLE_CODE = YES;
				CLANG_WARN__DUPLICATE_METHOD_MATCH = YES;
				"CODE_SIGN_IDENTITY[sdk=iphoneos*]" = "iPhone Developer";
				COPY_PHASE_STRIP = NO;
				DEBUG_INFORMATION_FORMAT = "dwarf-with-dsym";
				ENABLE_NS_ASSERTIONS = NO;
				ENABLE_STRICT_OBJC_MSGSEND = YES;
				GCC_C_LANGUAGE_STANDARD = gnu99;
				GCC_NO_COMMON_BLOCKS = YES;
				GCC_WARN_64_TO_32_BIT_CONVERSION = YES;
				GCC_WARN_ABOUT_RETURN_TYPE = YES_ERROR;
				GCC_WARN_UNDECLARED_SELECTOR = YES;
				GCC_WARN_UNINITIALIZED_AUTOS = YES_AGGRESSIVE;
				GCC_WARN_UNUSED_FUNCTION = YES;
				GCC_WARN_UNUSED_VARIABLE = YES;
				IPHONEOS_DEPLOYMENT_TARGET = 9.3;
				MTL_ENABLE_DEBUG_INFO = NO;
				SDKROOT = iphoneos;
				TARGETED_DEVICE_FAMILY = "1,2";
				VALIDATE_PRODUCT = YES;
			};
			name = Release;
		};
		1B186F241D562E4F00D5A6E7 /* Debug */ = {
			isa = XCBuildConfiguration;
			buildSettings = {
				ASSETCATALOG_COMPILER_APPICON_NAME = AppIcon;
				INFOPLIST_FILE = Adapters/Info.plist;
				LD_RUNPATH_SEARCH_PATHS = "$(inherited) @executable_path/Frameworks";
				PRODUCT_BUNDLE_IDENTIFIER = dos.Adapters;
				PRODUCT_NAME = "$(TARGET_NAME)";
			};
			name = Debug;
		};
		1B186F251D562E4F00D5A6E7 /* Release */ = {
			isa = XCBuildConfiguration;
			buildSettings = {
				ASSETCATALOG_COMPILER_APPICON_NAME = AppIcon;
				INFOPLIST_FILE = Adapters/Info.plist;
				LD_RUNPATH_SEARCH_PATHS = "$(inherited) @executable_path/Frameworks";
				PRODUCT_BUNDLE_IDENTIFIER = dos.Adapters;
				PRODUCT_NAME = "$(TARGET_NAME)";
			};
			name = Release;
		};
/* End XCBuildConfiguration section */

/* Begin XCConfigurationList section */
		1B186F0C1D562E4F00D5A6E7 /* Build configuration list for PBXProject "Adapters" */ = {
			isa = XCConfigurationList;
			buildConfigurations = (
				1B186F211D562E4F00D5A6E7 /* Debug */,
				1B186F221D562E4F00D5A6E7 /* Release */,
			);
			defaultConfigurationIsVisible = 0;
			defaultConfigurationName = Release;
		};
		1B186F231D562E4F00D5A6E7 /* Build configuration list for PBXNativeTarget "Adapters" */ = {
			isa = XCConfigurationList;
			buildConfigurations = (
				1B186F241D562E4F00D5A6E7 /* Debug */,
				1B186F251D562E4F00D5A6E7 /* Release */,
			);
			defaultConfigurationIsVisible = 0;
		};
/* End XCConfigurationList section */
	};
	rootObject = 1B186F091D562E4F00D5A6E7 /* Project object */;
}
